
Microsoft Visual Studio Solution File, Format Version 12.00
# Visual Studio Version 17
VisualStudioVersion = 17.8.34525.116
MinimumVisualStudioVersion = 10.0.40219.1
Project("{F184B08F-C81C-45F6-A57F-5ABD9991F28F}") = "FormulaOne", "FormulaOne.vbproj", "{C2E1D856-0710-401C-9A25-25A25BA0ACA3}"
EndProject
Global
	GlobalSection(SolutionConfigurationPlatforms) = preSolution
		Debug|Any CPU = Debug|Any CPU
		Release|Any CPU = Release|Any CPU
	EndGlobalSection
	GlobalSection(ProjectConfigurationPlatforms) = postSolution
		{C2E1D856-0710-401C-9A25-25A25BA0ACA3}.Debug|Any CPU.ActiveCfg = Debug|Any CPU
		{C2E1D856-0710-401C-9A25-25A25BA0ACA3}.Debug|Any CPU.Build.0 = Debug|Any CPU
		{C2E1D856-0710-401C-9A25-25A25BA0ACA3}.Release|Any CPU.ActiveCfg = Release|Any CPU
		{C2E1D856-0710-401C-9A25-25A25BA0ACA3}.Release|Any CPU.Build.0 = Release|Any CPU
	EndGlobalSection
	GlobalSection(SolutionProperties) = preSolution
		HideSolutionNode = FALSE
	EndGlobalSection
	GlobalSection(ExtensibilityGlobals) = postSolution
		SolutionGuid = {2781A658-A7B9-4F89-BED0-6DFA26F64D2E}
	EndGlobalSection
EndGlobal
